{
  "version": 4,
  "terraform_version": "1.11.3",
  "serial": 84,
  "lineage": "7a360d28-457f-94a9-626b-c247ea5b9d1b",
  "outputs": {},
  "resources": [
    {
      "mode": "data",
      "type": "digitalocean_ssh_key",
      "name": "terraform",
      "provider": "provider[\"registry.terraform.io/digitalocean/digitalocean\"]",
      "instances": [
        {
          "schema_version": 0,
          "attributes": {
            "fingerprint": "58:69:5d:d6:4f:74:51:6d:a2:3e:2b:cd:16:25:78:fe",
            "id": 37700244,
            "name": "id_ecdsa.Royce@SerenityBasin.pub",
            "public_key": "ecdsa-sha2-nistp521 AAAAE2VjZHNhLXNoYTItbmlzdHA1MjEAAAAIbmlzdHA1MjEAAACFBAA4hMvHzVfZdV+L+Keha7sWFab7SEHqwvNYVWsoJb9Gy+PYofYLFMoZffyT8Kc+QKtA5BPcLNnouMiQrrYmegP+gQCow7+oCHBAJPAWCgFyLeH5njeRCN0t3bqSy7EiBOaxfGy6YpSrBpl0U+qHNgB+sZpg3mu2lkKiNK3kBmz1E/JXjg== royce@SerenityBasin_2018-12"
          },
          "sensitive_attributes": []
        }
      ]
    },
    {
      "mode": "managed",
      "type": "digitalocean_droplet",
      "name": "webmail",
      "provider": "provider[\"registry.terraform.io/digitalocean/digitalocean\"]",
      "instances": [
        {
          "status": "tainted",
          "schema_version": 1,
          "attributes": {
            "backup_policy": [],
            "backups": false,
            "created_at": "2025-09-19T04:49:59Z",
            "disk": 50,
            "droplet_agent": null,
            "graceful_shutdown": false,
            "id": "519539283",
            "image": "rockylinux-9-x64",
            "ipv4_address": "159.203.6.45",
            "ipv4_address_private": "10.118.0.4",
            "ipv6": false,
            "ipv6_address": "",
            "locked": false,
            "memory": 2048,
            "monitoring": false,
            "name": "email",
            "price_hourly": 0.01786,
            "price_monthly": 12,
            "private_networking": true,
            "region": "tor1",
            "resize_disk": true,
            "size": "s-1vcpu-2gb",
            "ssh_keys": [
              "37700244"
            ],
            "status": "active",
            "tags": null,
            "timeouts": null,
            "urn": "do:droplet:519539283",
            "user_data": null,
            "vcpus": 1,
            "volume_ids": [],
            "vpc_uuid": "870a2688-1d63-4e2c-87c2-de444e2afebc"
          },
          "sensitive_attributes": [],
          "private": "eyJlMmJmYjczMC1lY2FhLTExZTYtOGY4OC0zNDM2M2JjN2M0YzAiOnsiY3JlYXRlIjozNjAwMDAwMDAwMDAwLCJkZWxldGUiOjYwMDAwMDAwMDAwLCJ1cGRhdGUiOjM2MDAwMDAwMDAwMDB9LCJzY2hlbWFfdmVyc2lvbiI6IjEifQ==",
          "dependencies": [
            "data.digitalocean_ssh_key.terraform"
          ]
        }
      ]
    }
  ],
  "check_results": null
}
